
Microsoft Visual Studio Solution File, Format Version 12.00
# Visual Studio Version 16
VisualStudioVersion = 16.0.30907.101
MinimumVisualStudioVersion = 10.0.40219.1
Project("{FAE04EC0-301F-11D3-BF4B-00C04F79EFBC}") = "DataAccess", "DataAccess\DataAccess.csproj", "{A1BB2C28-1C29-4FB9-9749-C9CB4F699C2B}"
EndProject
Project("{FAE04EC0-301F-11D3-BF4B-00C04F79EFBC}") = "Business", "Business\Business.csproj", "{28058A69-C4AF-4A01-BAD6-16499CF10EA5}"
EndProject
Project("{FAE04EC0-301F-11D3-BF4B-00C04F79EFBC}") = "Entities", "Entities\Entities.csproj", "{9F7897F0-1853-4BB9-87C3-7CEE668443D7}"
EndProject
Project("{FAE04EC0-301F-11D3-BF4B-00C04F79EFBC}") = "ConsoleUI", "ConsoleUI\ConsoleUI.csproj", "{E0780FC1-E300-42AC-B747-FA53A6479C19}"
EndProject
Global
	GlobalSection(SolutionConfigurationPlatforms) = preSolution
		Debug|Any CPU = Debug|Any CPU
		Release|Any CPU = Release|Any CPU
	EndGlobalSection
	GlobalSection(ProjectConfigurationPlatforms) = postSolution
		{A1BB2C28-1C29-4FB9-9749-C9CB4F699C2B}.Debug|Any CPU.ActiveCfg = Debug|Any CPU
		{A1BB2C28-1C29-4FB9-9749-C9CB4F699C2B}.Debug|Any CPU.Build.0 = Debug|Any CPU
		{A1BB2C28-1C29-4FB9-9749-C9CB4F699C2B}.Release|Any CPU.ActiveCfg = Release|Any CPU
		{A1BB2C28-1C29-4FB9-9749-C9CB4F699C2B}.Release|Any CPU.Build.0 = Release|Any CPU
		{28058A69-C4AF-4A01-BAD6-16499CF10EA5}.Debug|Any CPU.ActiveCfg = Debug|Any CPU
		{28058A69-C4AF-4A01-BAD6-16499CF10EA5}.Debug|Any CPU.Build.0 = Debug|Any CPU
		{28058A69-C4AF-4A01-BAD6-16499CF10EA5}.Release|Any CPU.ActiveCfg = Release|Any CPU
		{28058A69-C4AF-4A01-BAD6-16499CF10EA5}.Release|Any CPU.Build.0 = Release|Any CPU
		{9F7897F0-1853-4BB9-87C3-7CEE668443D7}.Debug|Any CPU.ActiveCfg = Debug|Any CPU
		{9F7897F0-1853-4BB9-87C3-7CEE668443D7}.Debug|Any CPU.Build.0 = Debug|Any CPU
		{9F7897F0-1853-4BB9-87C3-7CEE668443D7}.Release|Any CPU.ActiveCfg = Release|Any CPU
		{9F7897F0-1853-4BB9-87C3-7CEE668443D7}.Release|Any CPU.Build.0 = Release|Any CPU
		{E0780FC1-E300-42AC-B747-FA53A6479C19}.Debug|Any CPU.ActiveCfg = Debug|Any CPU
		{E0780FC1-E300-42AC-B747-FA53A6479C19}.Debug|Any CPU.Build.0 = Debug|Any CPU
		{E0780FC1-E300-42AC-B747-FA53A6479C19}.Release|Any CPU.ActiveCfg = Release|Any CPU
		{E0780FC1-E300-42AC-B747-FA53A6479C19}.Release|Any CPU.Build.0 = Release|Any CPU
	EndGlobalSection
	GlobalSection(SolutionProperties) = preSolution
		HideSolutionNode = FALSE
	EndGlobalSection
	GlobalSection(ExtensibilityGlobals) = postSolution
		SolutionGuid = {AE122880-9A0E-487A-8A4F-F8B0D210CDCC}
	EndGlobalSection
EndGlobal
